<?xml version="1.0" encoding="utf-8"?>
<Project ToolsVersion="4.0" xmlns="http://schemas.microsoft.com/developer/msbuild/2003">
  <ItemGroup>
    <Filter Include="Source Files">
      <UniqueIdentifier>{4FC737F1-C7A5-4376-A066-2A32D752A2FF}</UniqueIdentifier>
      <Extensions>cpp;c;cc;cxx;c++;cppm;ixx;def;odl;idl;hpj;bat;asm;asmx</Extensions>
    </Filter>
    <Filter Include="Header Files">
      <UniqueIdentifier>{93995380-89BD-4b04-88EB-625FBE52EBFB}</UniqueIdentifier>
      <Extensions>h;hh;hpp;hxx;h++;hm;inl;inc;ipp;xsd</Extensions>
    </Filter>
    <Filter Include="Resource Files">
      <UniqueIdentifier>{67DA6AB6-F800-4c08-8B7A-83BB121AAD01}</UniqueIdentifier>
      <Extensions>rc;ico;cur;bmp;dlg;rc2;rct;bin;rgs;gif;jpg;jpeg;jpe;resx;tiff;tif;png;wav;mfcribbon-ms</Extensions>
    </Filter>
    <Filter Include="Source Files\Integrator">
      <UniqueIdentifier>{1dfcacde-78b9-4189-889e-2b25dd48079f}</UniqueIdentifier>
    </Filter>
    <Filter Include="Source Files\Light">
      <UniqueIdentifier>{f0f2f569-fc4c-4938-acba-de703358231a}</UniqueIdentifier>
    </Filter>
    <Filter Include="Source Files\Sampler">
      <UniqueIdentifier>{18f244c2-1793-4c1c-a217-5569b26ca85e}</UniqueIdentifier>
    </Filter>
    <Filter Include="Source Files\Material">
      <UniqueIdentifier>{35a1f9e1-feef-4c54-853b-0e72e5c7aff3}</UniqueIdentifier>
    </Filter>
  </ItemGroup>
  <ItemGroup>
    <ClCompile Include="KHRay\main.cpp">
      <Filter>Source Files</Filter>
    </ClCompile>
    <ClCompile Include="KHRay\Camera.cpp">
      <Filter>Source Files</Filter>
    </ClCompile>
    <ClCompile Include="KHRay\Transform.cpp">
      <Filter>Source Files</Filter>
    </ClCompile>
    <ClCompile Include="KHRay\AccelerationStructure.cpp">
      <Filter>Source Files</Filter>
    </ClCompile>
    <ClCompile Include="KHRay\Device.cpp">
      <Filter>Source Files</Filter>
    </ClCompile>
    <ClCompile Include="KHRay\Scene.cpp">
      <Filter>Source Files</Filter>
    </ClCompile>
    <ClCompile Include="KHRay\Integrator\Integrator.cpp">
      <Filter>Source Files\Integrator</Filter>
    </ClCompile>
    <ClCompile Include="KHRay\Light\Light.cpp">
      <Filter>Source Files\Light</Filter>
    </ClCompile>
    <ClCompile Include="KHRay\Sampler\Sampler.cpp">
      <Filter>Source Files\Sampler</Filter>
    </ClCompile>
    <ClCompile Include="KHRay\Sampler\Random.cpp">
      <Filter>Source Files\Sampler</Filter>
    </ClCompile>
    <ClCompile Include="KHRay\Integrator\PathIntegrator.cpp">
      <Filter>Source Files\Integrator</Filter>
    </ClCompile>
    <ClCompile Include="KHRay\Integrator\AOIntegrator.cpp">
      <Filter>Source Files\Integrator</Filter>
    </ClCompile>
    <ClCompile Include="KHRay\Sampling.cpp">
      <Filter>Source Files</Filter>
    </ClCompile>
    <ClCompile Include="KHRay\Spectrum.cpp">
      <Filter>Source Files</Filter>
    </ClCompile>
    <ClCompile Include="KHRay\BxDF.cpp">
      <Filter>Source Files</Filter>
    </ClCompile>
    <ClCompile Include="KHRay\Integrator\NormalIntegrator.cpp">
      <Filter>Source Files\Integrator</Filter>
    </ClCompile>
    <ClCompile Include="KHRay\Sampler\Sobol.cpp">
      <Filter>Source Files\Sampler</Filter>
    </ClCompile>
    <ClCompile Include="KHRay\Material\Disney.cpp">
      <Filter>Source Files\Material</Filter>
    </ClCompile>
    <ClCompile Include="KHRay\BSDF.cpp">
      <Filter>Source Files</Filter>
    </ClCompile>
  </ItemGroup>
  <ItemGroup>
    <ClInclude Include="KHRay\Ray.h">
      <Filter>Header Files</Filter>
    </ClInclude>
    <ClInclude Include="KHRay\Spectrum.h">
      <Filter>Header Files</Filter>
    </ClInclude>
    <ClInclude Include="KHRay\Texture2D.h">
      <Filter>Header Files</Filter>
    </ClInclude>
    <ClInclude Include="KHRay\Camera.h">
      <Filter>Header Files</Filter>
    </ClInclude>
    <ClInclude Include="KHRay\Transform.h">
      <Filter>Header Files</Filter>
    </ClInclude>
    <ClInclude Include="KHRay\Sampling.h">
      <Filter>Header Files</Filter>
    </ClInclude>
    <ClInclude Include="KHRay\Utility.h">
      <Filter>Header Files</Filter>
    </ClInclude>
    <ClInclude Include="KHRay\Vertex.h">
      <Filter>Header Files</Filter>
    </ClInclude>
    <ClInclude Include="KHRay\AccelerationStructure.h">
      <Filter>Header Files</Filter>
    </ClInclude>
    <ClInclude Include="KHRay\Device.h">
      <Filter>Header Files</Filter>
    </ClInclude>
    <ClInclude Include="KHRay\Scene.h">
      <Filter>Header Files</Filter>
    </ClInclude>
    <ClInclude Include="KHRay\Integrator\Integrator.h">
      <Filter>Source Files\Integrator</Filter>
    </ClInclude>
    <ClInclude Include="KHRay\Light\Light.h">
      <Filter>Source Files\Light</Filter>
    </ClInclude>
    <ClInclude Include="KHRay\Sampler\Sampler.h">
      <Filter>Source Files\Sampler</Filter>
    </ClInclude>
    <ClInclude Include="KHRay\Sampler\Random.h">
      <Filter>Source Files\Sampler</Filter>
    </ClInclude>
    <ClInclude Include="KHRay\Integrator\PathIntegrator.h">
      <Filter>Source Files\Integrator</Filter>
    </ClInclude>
    <ClInclude Include="KHRay\Integrator\AOIntegrator.h">
      <Filter>Source Files\Integrator</Filter>
    </ClInclude>
    <ClInclude Include="KHRay\Vector2.h">
      <Filter>Header Files</Filter>
    </ClInclude>
    <ClInclude Include="KHRay\Vector3.h">
      <Filter>Header Files</Filter>
    </ClInclude>
    <ClInclude Include="KHRay\Math.h">
      <Filter>Header Files</Filter>
    </ClInclude>
    <ClInclude Include="KHRay\BxDF.h">
      <Filter>Header Files</Filter>
    </ClInclude>
    <ClInclude Include="KHRay\Integrator\NormalIntegrator.h">
      <Filter>Source Files\Integrator</Filter>
    </ClInclude>
    <ClInclude Include="KHRay\Sampler\Sobol.h">
      <Filter>Source Files\Sampler</Filter>
    </ClInclude>
    <ClInclude Include="KHRay\Material\Disney.h">
      <Filter>Source Files\Material</Filter>
    </ClInclude>
    <ClInclude Include="KHRay\BSDF.h">
      <Filter>Header Files</Filter>
    </ClInclude>
  </ItemGroup>
</Project>